%{
  "castore": {:hex, :castore, "1.0.21", "0a0e8330dc267a40a3b7ad86d39302764bb71758172904e6a59d5ad6443ce307", [:mix], [], "hexpm", "e42e22723e25dbd46876d056a03f685513d6e98f6b5e555dc551321decd76c5c"},
  "dotenvy": {:hex, :dotenvy, "1.1.1", "00e318f3c51de9fafc4b48598447e386f19204dc18ca69886905bb8f8b08b667", [:mix], [], "hexpm", "c8269471b5701e9e56dc86509c1199ded2b33dce088c3471afcfef7839766d8e"},
  "earmark_parser": {:hex, :earmark_parser, "1.4.44", "f20830dd6b5c77afe2b063777ddbbff09f9759396500cdbe7523efd58d7a339c", [:mix], [], "hexpm", "4778ac752b4701a5599215f7030989c989ffdc4f6df457c5f36938cc2d2a2750"},
  "ex_doc": {:hex, :ex_doc, "0.40.1", "67542e4b6dde74811cfd580e2c0149b78010fd13001fda7cfeb2b2c2ffb1344d", [:mix], [{:earmark_parser, "~> 1.4.44", [hex: :earmark_parser, repo: "hexpm", optional: false]}, {:makeup_c, ">= 0.1.0", [hex: :makeup_c, repo: "hexpm", optional: true]}, {:makeup_elixir, "~> 0.14 or ~> 1.0", [hex: :makeup_elixir, repo: "hexpm", optional: false]}, {:makeup_erlang, "~> 0.1 or ~> 1.0", [hex: :makeup_erlang, repo: "hexpm", optional: false]}, {:makeup_html, ">= 0.1.0", [hex: :makeup_html, repo: "hexpm", optional: true]}], "hexpm", "bcef0e2d360d93ac19f01a85d58f91752d930c0a30e2681145feea6bd3516e00"},
  "file_system": {:hex, :file_system, "1.1.1", "31864f4685b0148f25bd3fbef2b1228457c0c89024ad67f7a81a3ffbc0bbad3a", [:mix], [], "hexpm", "7a15ff97dfe526aeefb090a7a9d3d03aa907e100e262a0f8f7746b78f8f87a5d"},
  "finch": {:hex, :finch, "0.23.0", "e3f9287ac25a8832f848b144c2b57346aac65b205e2e0629a52adfe6507fd837", [:mix], [{:mime, "~> 1.0 or ~> 2.0", [hex: :mime, repo: "hexpm", optional: false]}, {:mint, "~> 1.8", [hex: :mint, repo: "hexpm", optional: false]}, {:nimble_options, "~> 0.4 or ~> 1.0", [hex: :nimble_options, repo: "hexpm", optional: false]}, {:nimble_pool, "~> 1.1", [hex: :nimble_pool, repo: "hexpm", optional: false]}, {:telemetry, "~> 0.4 or ~> 1.0", [hex: :telemetry, repo: "hexpm", optional: false]}], "hexpm", "80e58d3f936f57e3fdf404f83a3642897ae6d9fb642934e46da4d8fe761b99d5"},
  "floki": {:hex, :floki, "0.38.4", "10f98971e892aed2c2f1b3a0f928e488e3797e1c6dd3dfd98db40b14e9a78bcf", [:mix], [], "hexpm", "bdb34645eee8e79845c7edaca2d4099a52804ee4d4a3ecc683a69451f0244973"},
  "glob_ex": {:hex, :glob_ex, "0.1.12", "7b2d9369c20e2697efcfd185d13d6e84c94cd3bfd2730fbde613141c2e015c00", [:mix], [], "hexpm", "2e2fac83f113514434c7eaf267b4c38af2f91766f1cab2c5db7053b7fc1ee0bb"},
  "hex_solver": {:hex, :hex_solver, "0.2.3", "0d2ee20fbceb251d573f03ef34852e325529c2874ab66d1b576384021318996c", [:mix], [], "hexpm", "9daeae2ea6b8ad3dc7f51a10484f6bc1d0f705c31063383830a7167ab93b887b"},
  "hpax": {:hex, :hpax, "1.0.4", "777de5d433b0fbdc7c418159c8055910faa8047ffdb3d6b31098d2a46cd7685c", [:mix], [], "hexpm", "afc7cb142ebcc2d01ce7816190b98ce5dd49e799111b24249f3443d730f377ca"},
  "jason": {:hex, :jason, "1.4.5", "2e3a008590b0b8d7388c20293e9dcc9cf3e5d642fd2a114e4cbbb52e595d940a", [:mix], [{:decimal, "~> 1.0 or ~> 2.0 or ~> 3.0", [hex: :decimal, repo: "hexpm", optional: true]}], "hexpm", "b0c823996102bcd0239b3c2444eb00409b72f6a140c1950bc8b457d836b30684"},
  "json_codec": {:hex, :json_codec, "0.2.3", "b75b2f76a2c89844a72f2dcc8f83c045d0fb030da041b9c2278c82f70067ec78", [:mix], [{:jason, "~> 1.4", [hex: :jason, repo: "hexpm", optional: false]}], "hexpm", "4dad674cbee1119161b555a155ef1537908ee337d49e619e1b155313ec523b71"},
  "libgraph": {:hex, :libgraph, "0.16.0", "3936f3eca6ef826e08880230f806bfea13193e49bf153f93edcf0239d4fd1d07", [:mix], [], "hexpm", "41ca92240e8a4138c30a7e06466acc709b0cbb795c643e9e17174a178982d6bf"},
  "makeup": {:hex, :makeup, "1.2.2", "882d46dc0905e9ff7abf2aab61a7e6b3dcc555533977d8a23b06019e6c89ac94", [:mix], [{:nimble_parsec, "~> 1.4", [hex: :nimble_parsec, repo: "hexpm", optional: false]}], "hexpm", "9a1a24e5b343b8ae16abea0822c10a6f75da27af7fa802ada5251f7579bfccfa"},
  "makeup_elixir": {:hex, :makeup_elixir, "1.0.1", "e928a4f984e795e41e3abd27bfc09f51db16ab8ba1aebdba2b3a575437efafc2", [:mix], [{:makeup, "~> 1.0", [hex: :makeup, repo: "hexpm", optional: false]}, {:nimble_parsec, "~> 1.2.3 or ~> 1.3", [hex: :nimble_parsec, repo: "hexpm", optional: false]}], "hexpm", "7284900d412a3e5cfd97fdaed4f5ed389b8f2b4cb49efc0eb3bd10e2febf9507"},
  "makeup_erlang": {:hex, :makeup_erlang, "1.0.3", "4252d5d4098da7415c390e847c814bad3764c94a814a0b4245176215615e1035", [:mix], [{:makeup, "~> 1.0", [hex: :makeup, repo: "hexpm", optional: false]}], "hexpm", "953297c02582a33411ac6208f2c6e55f0e870df7f80da724ed613f10e6706afd"},
  "mime": {:hex, :mime, "2.0.7", "b8d739037be7cd402aee1ba0306edfdef982687ee7e9859bee6198c1e7e2f128", [:mix], [], "hexpm", "6171188e399ee16023ffc5b76ce445eb6d9672e2e241d2df6050f3c771e80ccd"},
  "mint": {:hex, :mint, "1.9.3", "3337184d69179695c7a9f1714d92c11e629d36c8c037a21cf490131d3d150554", [:mix], [{:castore, "~> 0.1.0 or ~> 1.0", [hex: :castore, repo: "hexpm", optional: true]}, {:hpax, "~> 0.1.1 or ~> 0.2.0 or ~> 1.0", [hex: :hpax, repo: "hexpm", optional: false]}], "hexpm", "5f7c9342480c069dbbc4eeac3490303c9e01870ff01a7f1d29b6107054fc1e74"},
  "mint_web_socket": {:hex, :mint_web_socket, "1.0.6", "5ffcf350df5b90f2d7a04adf877165228804993714592512374218d4679e325a", [:mix], [{:mint, ">= 1.4.1 and < 2.0.0-0", [hex: :mint, repo: "hexpm", optional: false]}], "hexpm", "0c360e9012413f1c115a63532601eb5d63731aab7010949178769760686c1698"},
  "nimble_options": {:hex, :nimble_options, "1.1.1", "e3a492d54d85fc3fd7c5baf411d9d2852922f66e69476317787a7b2bb000a61b", [:mix], [], "hexpm", "821b2470ca9442c4b6984882fe9bb0389371b8ddec4d45a9504f00a66f650b44"},
  "nimble_parsec": {:hex, :nimble_parsec, "1.4.2", "8efba0122db06df95bfaa78f791344a89352ba04baedd3849593bfce4d0dc1c6", [:mix], [], "hexpm", "4b21398942dda052b403bbe1da991ccd03a053668d147d53fb8c4e0efe09c973"},
  "nimble_pool": {:hex, :nimble_pool, "1.1.0", "bf9c29fbdcba3564a8b800d1eeb5a3c58f36e1e11d7b7fb2e084a643f645f06b", [:mix], [], "hexpm", "af2e4e6b34197db81f7aad230c1118eac993acc0dae6bc83bac0126d4ae0813a"},
  "npm": {:hex, :npm, "0.7.6", "de8ca3dd26a40fac7ab8a17680088b8d55bab0e0294be9770b029c276361482f", [:mix], [{:hex_solver, "~> 0.2", [hex: :hex_solver, repo: "hexpm", optional: false]}, {:jason, "~> 1.4", [hex: :jason, repo: "hexpm", optional: false]}, {:npm_semver, "~> 0.1.0", [hex: :npm_semver, repo: "hexpm", optional: false]}, {:req, "~> 0.5", [hex: :req, repo: "hexpm", optional: false]}], "hexpm", "e0a1ce77e3e49ec108e095aba133bd315e86da298dba26b142a105972141d9ef"},
  "npm_semver": {:hex, :npm_semver, "0.1.0", "3ab2c2a151d8c87c364209b2ca1a4fd2ab98507ed61afbd1ea12c1826e67200a", [:mix], [{:hex_solver, "~> 0.2", [hex: :hex_solver, repo: "hexpm", optional: false]}, {:nimble_parsec, "~> 1.0", [hex: :nimble_parsec, repo: "hexpm", optional: false]}], "hexpm", "77afbc4c523c19a572325190bc4c968ec027e1c6ef8538bcddacf835966072fa"},
  "oxc": {:hex, :oxc, "0.17.8", "e4c50ee0c0ce09107016b5153132b3d98421665355189b531c78ae4603047853", [:mix], [{:jason, "~> 1.4", [hex: :jason, repo: "hexpm", optional: false]}, {:rustler, "~> 0.36", [hex: :rustler, repo: "hexpm", optional: true]}, {:rustler_precompiled, "~> 0.8", [hex: :rustler_precompiled, repo: "hexpm", optional: false]}], "hexpm", "590fddfadbf843d6ab94e0f04a0e769a38358a23140728095da476c8c81f4df1"},
  "oxide_ex": {:hex, :oxide_ex, "0.2.2", "063e0d2899e81632b7efc7849eb1dd89a7a623290a075c446b43bef14cf5795e", [:mix], [{:rustler, "~> 0.36", [hex: :rustler, repo: "hexpm", optional: true]}, {:rustler_precompiled, "~> 0.8", [hex: :rustler_precompiled, repo: "hexpm", optional: false]}], "hexpm", "577a2fbd97c46904a31143bb700cdb374105085cfd1f7605416bb6c012cb7f60"},
  "pegasus": {:hex, :pegasus, "0.2.6", "b4af6522326fbb2ffd1bb706e78ec05854fbcb4b03a7fe08f8db2e9de1d0be67", [:mix], [{:nimble_parsec, "~> 1.2", [hex: :nimble_parsec, repo: "hexpm", optional: false]}], "hexpm", "0ac159f0ccab7967cf90208327cc8a35788874814c8d78e19d47104d3fc049b9"},
  "phoenix": {:hex, :phoenix, "1.8.5", "919db335247e6d4891764dc3063415b0d2457641c5f9b3751b5df03d8e20bbcf", [:mix], [{:bandit, "~> 1.0", [hex: :bandit, repo: "hexpm", optional: true]}, {:jason, "~> 1.0", [hex: :jason, repo: "hexpm", optional: true]}, {:phoenix_pubsub, "~> 2.1", [hex: :phoenix_pubsub, repo: "hexpm", optional: false]}, {:phoenix_template, "~> 1.0", [hex: :phoenix_template, repo: "hexpm", optional: false]}, {:phoenix_view, "~> 2.0", [hex: :phoenix_view, repo: "hexpm", optional: true]}, {:plug, "~> 1.14", [hex: :plug, repo: "hexpm", optional: false]}, {:plug_cowboy, "~> 2.7", [hex: :plug_cowboy, repo: "hexpm", optional: true]}, {:plug_crypto, "~> 1.2 or ~> 2.0", [hex: :plug_crypto, repo: "hexpm", optional: false]}, {:telemetry, "~> 0.4 or ~> 1.0", [hex: :telemetry, repo: "hexpm", optional: false]}, {:websock_adapter, "~> 0.5.3", [hex: :websock_adapter, repo: "hexpm", optional: false]}], "hexpm", "83b2bb125127e02e9f475c8e3e92736325b5b01b0b9b05407bcb4083b7a32485"},
  "phoenix_html": {:hex, :phoenix_html, "4.3.0", "d3577a5df4b6954cd7890c84d955c470b5310bb49647f0a114a6eeecc850f7ad", [:mix], [], "hexpm", "3eaa290a78bab0f075f791a46a981bbe769d94bc776869f4f3063a14f30497ad"},
  "phoenix_live_view": {:hex, :phoenix_live_view, "1.1.28", "8a8e123d018025f756605a2fb02a4854f0d3cd7b207f710fef1fd5d9d72d0254", [:mix], [{:igniter, ">= 0.6.16 and < 1.0.0-0", [hex: :igniter, repo: "hexpm", optional: true]}, {:jason, "~> 1.0", [hex: :jason, repo: "hexpm", optional: true]}, {:lazy_html, "~> 0.1.0", [hex: :lazy_html, repo: "hexpm", optional: true]}, {:phoenix, "~> 1.6.15 or ~> 1.7.0 or ~> 1.8.0-rc", [hex: :phoenix, repo: "hexpm", optional: false]}, {:phoenix_html, "~> 3.3 or ~> 4.0", [hex: :phoenix_html, repo: "hexpm", optional: false]}, {:phoenix_template, "~> 1.0", [hex: :phoenix_template, repo: "hexpm", optional: false]}, {:phoenix_view, "~> 2.0", [hex: :phoenix_view, repo: "hexpm", optional: true]}, {:plug, "~> 1.15", [hex: :plug, repo: "hexpm", optional: false]}, {:telemetry, "~> 0.4.2 or ~> 1.0", [hex: :telemetry, repo: "hexpm", optional: false]}], "hexpm", "24faad535b65089642c3a7d84088109dc58f49c1f1c5a978659855d643466353"},
  "phoenix_pubsub": {:hex, :phoenix_pubsub, "2.2.0", "ff3a5616e1bed6804de7773b92cbccfc0b0f473faf1f63d7daf1206c7aeaaa6f", [:mix], [], "hexpm", "adc313a5bf7136039f63cfd9668fde73bba0765e0614cba80c06ac9460ff3e96"},
  "phoenix_template": {:hex, :phoenix_template, "1.0.4", "e2092c132f3b5e5b2d49c96695342eb36d0ed514c5b252a77048d5969330d639", [:mix], [{:phoenix_html, "~> 2.14.2 or ~> 3.0 or ~> 4.0", [hex: :phoenix_html, repo: "hexpm", optional: true]}], "hexpm", "2c0c81f0e5c6753faf5cca2f229c9709919aba34fab866d3bc05060c9c444206"},
  "plug": {:hex, :plug, "1.20.3", "56c480c633ec2ce10140e236e15233bf576e1d323887d7c96711bd02ab5160db", [:mix], [{:mime, "~> 1.0 or ~> 2.0", [hex: :mime, repo: "hexpm", optional: false]}, {:plug_crypto, "~> 1.1.1 or ~> 1.2 or ~> 2.0", [hex: :plug_crypto, repo: "hexpm", optional: false]}, {:telemetry, "~> 0.4.3 or ~> 1.0", [hex: :telemetry, repo: "hexpm", optional: false]}], "hexpm", "be266aee1b8536ef6409d58cf39a3121319f0ec47cfa1b24024485aa0e76ad76"},
  "plug_crypto": {:hex, :plug_crypto, "2.2.0", "144014737daaf485407f5ed77daeaad74d651b216a28c87543f8cc7043f8efc8", [:mix], [], "hexpm", "83a95744ab1c75876542b6fab135fcc176280e0f301a111c1f757fddcec95d2c"},
  "protoss": {:hex, :protoss, "1.1.0", "853533313989751c7da5b0e1ce71501a23f3dc41f128709478af40daccc6e959", [:mix], [], "hexpm", "c2f874383dd047fcfdf467b814dd33a208a4d24a467aef90d86185b41a0752ad"},
  "quickbeam": {:hex, :quickbeam, "0.10.20", "286874038d8c409ca9eb9eb63fd074fb44a474e8f68ddb53f7b6cf42611a4036", [:mix], [{:jason, "~> 1.4", [hex: :jason, repo: "hexpm", optional: false]}, {:mint_web_socket, "~> 1.0", [hex: :mint_web_socket, repo: "hexpm", optional: false]}, {:nimble_pool, "~> 1.1", [hex: :nimble_pool, repo: "hexpm", optional: false]}, {:npm, "~> 0.7.5", [hex: :npm, repo: "hexpm", optional: true]}, {:oxc, "~> 0.17.2", [hex: :oxc, repo: "hexpm", optional: false]}, {:zigler, "~> 0.15.2", [hex: :zigler, repo: "hexpm", optional: true]}, {:zigler_precompiled, "~> 0.1.4", [hex: :zigler_precompiled, repo: "hexpm", optional: false]}], "hexpm", "211bf1f22de6dc4def9ae07af529904ff49f701740508331b7e7673220640663"},
  "reach": {:hex, :reach, "1.8.0", "224a9422e37ade731b08c13cf2ecf0400418ab1db3393dfae4933dff19564052", [:mix], [{:boxart, "~> 0.3", [hex: :boxart, repo: "hexpm", optional: true]}, {:jason, "~> 1.0", [hex: :jason, repo: "hexpm", optional: true]}, {:libgraph, "~> 0.16.0", [hex: :libgraph, repo: "hexpm", optional: false]}, {:makeup, "~> 1.0", [hex: :makeup, repo: "hexpm", optional: true]}, {:makeup_elixir, "~> 1.0", [hex: :makeup_elixir, repo: "hexpm", optional: true]}, {:makeup_js, "~> 0.1", [hex: :makeup_js, repo: "hexpm", optional: true]}, {:quickbeam, "~> 0.10", [hex: :quickbeam, repo: "hexpm", optional: true]}], "hexpm", "6c5b47da5620b2d94c3c2019142195a18ba1abe6497d34288a67457470df0c66"},
  "req": {:hex, :req, "0.7.2", "364eae2e5f5c984f2dac6d71c07f8c8c89ce0bc49c4d746dacb7a306823020de", [:mix], [{:brotli, "~> 0.3.1", [hex: :brotli, repo: "hexpm", optional: true]}, {:finch, "~> 0.21", [hex: :finch, repo: "hexpm", optional: false]}, {:jason, "~> 1.0", [hex: :jason, repo: "hexpm", optional: false]}, {:mime, "~> 2.0.6 or ~> 2.1", [hex: :mime, repo: "hexpm", optional: false]}, {:nimble_csv, "~> 1.0", [hex: :nimble_csv, repo: "hexpm", optional: true]}, {:plug, "~> 1.0", [hex: :plug, repo: "hexpm", optional: true]}], "hexpm", "c9cdfa276b05d8db2a27fda5d233e6858b764d47189d76cbb186e130a871ae0b"},
  "rustler_precompiled": {:hex, :rustler_precompiled, "0.9.0", "3a052eda09f3d2436364645cc1f13279cf95db310eb0c17b0d8f25484b233aa0", [:mix], [{:rustler, "~> 0.23", [hex: :rustler, repo: "hexpm", optional: true]}], "hexpm", "471d97315bd3bf7b64623418b3693eedd8e47de3d1cb79a0ac8f9da7d770d94c"},
  "telemetry": {:hex, :telemetry, "1.4.2", "a0cb522801dffb1c49fe6e30561badffc7b6d0e180db1300df759faa22062855", [:rebar3], [], "hexpm", "928f6495066506077862c0d1646609eed891a4326bee3126ba54b60af61febb1"},
  "vize": {:hex, :vize, "0.14.1", "faedc46abc42c96d7cd5480b93e7f3626e51d1f22d9927c4302e5a3390c48ba5", [:mix], [{:rustler, "~> 0.36", [hex: :rustler, repo: "hexpm", optional: true]}, {:rustler_precompiled, "~> 0.8", [hex: :rustler_precompiled, repo: "hexpm", optional: false]}], "hexpm", "c1b2851a6855093aca8bc8f22a358a4e8bb1965ae98e01c08c9f45c8fac8a334"},
  "volt": {:hex, :volt, "0.17.10", "6227b34eb5354b1881610d8a6fa5c7e07ce955886d4e7ee11bc7c2c39e9751cf", [:mix], [{:dotenvy, "~> 1.1", [hex: :dotenvy, repo: "hexpm", optional: false]}, {:file_system, "~> 1.0", [hex: :file_system, repo: "hexpm", optional: false]}, {:floki, "~> 0.38", [hex: :floki, repo: "hexpm", optional: false]}, {:glob_ex, "~> 0.1", [hex: :glob_ex, repo: "hexpm", optional: false]}, {:igniter, "~> 0.5", [hex: :igniter, repo: "hexpm", optional: true]}, {:jason, "~> 1.4", [hex: :jason, repo: "hexpm", optional: false]}, {:json_codec, "~> 0.2.3", [hex: :json_codec, repo: "hexpm", optional: false]}, {:mime, "~> 2.0", [hex: :mime, repo: "hexpm", optional: false]}, {:npm, "~> 0.7.5", [hex: :npm, repo: "hexpm", optional: false]}, {:oxc, "~> 0.17.7", [hex: :oxc, repo: "hexpm", optional: false]}, {:oxide_ex, "~> 0.2.1", [hex: :oxide_ex, repo: "hexpm", optional: false]}, {:plug, "~> 1.16", [hex: :plug, repo: "hexpm", optional: false]}, {:quickbeam, "~> 0.10.20", [hex: :quickbeam, repo: "hexpm", optional: false]}, {:vize, "~> 0.14.0", [hex: :vize, repo: "hexpm", optional: false]}, {:websock_adapter, "~> 0.5", [hex: :websock_adapter, repo: "hexpm", optional: false]}], "hexpm", "77f06eaa64022d340c39dffda530c3d7d4c58286b107e735484805f9af13df7b"},
  "websock": {:hex, :websock, "0.5.3", "2f69a6ebe810328555b6fe5c831a851f485e303a7c8ce6c5f675abeb20ebdadc", [:mix], [], "hexpm", "6105453d7fac22c712ad66fab1d45abdf049868f253cf719b625151460b8b453"},
  "websock_adapter": {:hex, :websock_adapter, "0.5.9", "43dc3ba6d89ef5dec5b1d0a39698436a1e856d000d84bf31a3149862b01a287f", [:mix], [{:bandit, ">= 0.6.0", [hex: :bandit, repo: "hexpm", optional: true]}, {:plug, "~> 1.14", [hex: :plug, repo: "hexpm", optional: false]}, {:plug_cowboy, "~> 2.6", [hex: :plug_cowboy, repo: "hexpm", optional: true]}, {:websock, "~> 0.5", [hex: :websock, repo: "hexpm", optional: false]}], "hexpm", "5534d5c9adad3c18a0f58a9371220d75a803bf0b9a3d87e6fe072faaeed76a08"},
  "zig_get": {:hex, :zig_get, "0.15.2", "a6ccaa894213839ba95615bf9be2b2c9268e37ab9547a2344830202cfd6d7cc0", [:mix], [], "hexpm", "e6b0028f2d5a8da791ff8037deff5b492784017d8d241e598377a24bd765f56f"},
  "zig_parser": {:hex, :zig_parser, "0.6.0", "b1296c64bf5c2592de2eb4bc8bbf79d85b1d6a3ab444c443becd7af579d85681", [:mix], [{:pegasus, "~> 0.2.4", [hex: :pegasus, repo: "hexpm", optional: false]}], "hexpm", "bb7a1523b69f7f8f6b74ba5bf9dabc83f512c0cd67d9eebba1c501a529a2f95e"},
  "zigler": {:hex, :zigler, "0.15.2", "d3e8c7b6d88be2eea72c341376b7e7b0aa36248e26d5798b580cad9815311559", [:mix], [{:protoss, "~> 1.0", [hex: :protoss, repo: "hexpm", optional: false]}, {:zig_get, "0.15.2", [hex: :zig_get, repo: "hexpm", optional: false]}, {:zig_parser, "~> 0.6", [hex: :zig_parser, repo: "hexpm", optional: false]}], "hexpm", "6bf96df41e281a70147e8826e439e24945f0222e08d058fc544da84f5c7ea8dd"},
  "zigler_precompiled": {:hex, :zigler_precompiled, "0.1.5", "7da17a36e168a69c06e32e8f0dcf739e8c09450dcfee65aad38a025c20fc2a9a", [:mix], [{:castore, "~> 0.1 or ~> 1.0", [hex: :castore, repo: "hexpm", optional: false]}, {:zigler, "~> 0.13", [hex: :zigler, repo: "hexpm", optional: true]}], "hexpm", "4ee01cfdcd703215cf331f1ecc4324874ee2e3bfe15e7b2f3d65231c551a0571"},
}
